PODS:
  - boost (1.83.0)
  - DoubleConversion (1.1.6)
  - FBLazyVector (0.74.0-rc.6)
  - fmt (9.1.0)
  - glog (0.3.5)
  - RCT-Folly (2024.01.01.00):
    - boost
    - DoubleConversion
    - fmt (= 9.1.0)
    - glog
    - RCT-Folly/Default (= 2024.01.01.00)
  - RCT-Folly/Default (2024.01.01.00):
    - boost
    - DoubleConversion
    - fmt (= 9.1.0)
    - glog
  - RCT-Folly/Fabric (2024.01.01.00):
    - boost
    - DoubleConversion
    - fmt (= 9.1.0)
    - glog
  - RCTDeprecation (0.74.0-rc.6)
  - RCTRequired (0.74.0-rc.6)
  - RCTTypeSafety (0.74.0-rc.6):
    - FBLazyVector (= 0.74.0-rc.6)
    - RCTRequired (= 0.74.0-rc.6)
    - React-Core (= 0.74.0-rc.6)
  - React (0.74.0-rc.6):
    - React-Core (= 0.74.0-rc.6)
    - React-Core/DevSupport (= 0.74.0-rc.6)
    - React-Core/RCTWebSocket (= 0.74.0-rc.6)
    - React-RCTActionSheet (= 0.74.0-rc.6)
    - React-RCTAnimation (= 0.74.0-rc.6)
    - React-RCTBlob (= 0.74.0-rc.6)
    - React-RCTImage (= 0.74.0-rc.6)
    - React-RCTLinking (= 0.74.0-rc.6)
    - React-RCTNetwork (= 0.74.0-rc.6)
    - React-RCTSettings (= 0.74.0-rc.6)
    - React-RCTText (= 0.74.0-rc.6)
    - React-RCTVibration (= 0.74.0-rc.6)
  - React-callinvoker (0.74.0-rc.6)
  - React-Codegen (0.74.0-rc.6):
    - DoubleConversion
    - glog
    - RCT-Folly
    - RCTRequired
    - RCTTypeSafety
    - React-Core
    - React-debug
    - React-Fabric
    - React-FabricImage
    - React-featureflags
    - React-graphics
    - React-jsc
    - React-jsi
    - React-jsiexecutor
    - React-NativeModulesApple
    - React-rendererdebug
    - React-utils
    - ReactCommon/turbomodule/bridging
    - ReactCommon/turbomodule/core
  - React-Core (0.74.0-rc.6):
    - glog
    - RCT-Folly (= 2024.01.01.00)
    - RCTDeprecation
    - React-Core/Default (= 0.74.0-rc.6)
    - React-cxxreact
    - React-featureflags
    - React-jsc
    - React-jsi
    - React-jsiexecutor
    - React-jsinspector
    - React-perflogger
    - React-runtimescheduler
    - React-utils
    - SocketRocket (= 0.7.0)
    - Yoga
  - React-Core/CoreModulesHeaders (0.74.0-rc.6):
    - glog
    - RCT-Folly (= 2024.01.01.00)
    - RCTDeprecation
    - React-Core/Default
    - React-cxxreact
    - React-featureflags
    - React-jsc
    - React-jsi
    - React-jsiexecutor
    - React-jsinspector
    - React-perflogger
    - React-runtimescheduler
    - React-utils
    - SocketRocket (= 0.7.0)
    - Yoga
  - React-Core/Default (0.74.0-rc.6):
    - glog
    - RCT-Folly (= 2024.01.01.00)
    - RCTDeprecation
    - React-cxxreact
    - React-featureflags
    - React-jsc
    - React-jsi
    - React-jsiexecutor
    - React-jsinspector
    - React-perflogger
    - React-runtimescheduler
    - React-utils
    - SocketRocket (= 0.7.0)
    - Yoga
  - React-Core/DevSupport (0.74.0-rc.6):
    - glog
    - RCT-Folly (= 2024.01.01.00)
    - RCTDeprecation
    - React-Core/Default (= 0.74.0-rc.6)
    - React-Core/RCTWebSocket (= 0.74.0-rc.6)
    - React-cxxreact
    - React-featureflags
    - React-jsc
    - React-jsi
    - React-jsiexecutor
    - React-jsinspector
    - React-perflogger
    - React-runtimescheduler
    - React-utils
    - SocketRocket (= 0.7.0)
    - Yoga
  - React-Core/RCTActionSheetHeaders (0.74.0-rc.6):
    - glog
    - RCT-Folly (= 2024.01.01.00)
    - RCTDeprecation
    - React-Core/Default
    - React-cxxreact
    - React-featureflags
    - React-jsc
    - React-jsi
    - React-jsiexecutor
    - React-jsinspector
    - React-perflogger
    - React-runtimescheduler
    - React-utils
    - SocketRocket (= 0.7.0)
    - Yoga
  - React-Core/RCTAnimationHeaders (0.74.0-rc.6):
    - glog
    - RCT-Folly (= 2024.01.01.00)
    - RCTDeprecation
    - React-Core/Default
    - React-cxxreact
    - React-featureflags
    - React-jsc
    - React-jsi
    - React-jsiexecutor
    - React-jsinspector
    - React-perflogger
    - React-runtimescheduler
    - React-utils
    - SocketRocket (= 0.7.0)
    - Yoga
  - React-Core/RCTBlobHeaders (0.74.0-rc.6):
    - glog
    - RCT-Folly (= 2024.01.01.00)
    - RCTDeprecation
    - React-Core/Default
    - React-cxxreact
    - React-featureflags
    - React-jsc
    - React-jsi
    - React-jsiexecutor
    - React-jsinspector
    - React-perflogger
    - React-runtimescheduler
    - React-utils
    - SocketRocket (= 0.7.0)
    - Yoga
  - React-Core/RCTImageHeaders (0.74.0-rc.6):
    - glog
    - RCT-Folly (= 2024.01.01.00)
    - RCTDeprecation
    - React-Core/Default
    - React-cxxreact
    - React-featureflags
    - React-jsc
    - React-jsi
    - React-jsiexecutor
    - React-jsinspector
    - React-perflogger
    - React-runtimescheduler
    - React-utils
    - SocketRocket (= 0.7.0)
    - Yoga
  - React-Core/RCTLinkingHeaders (0.74.0-rc.6):
    - glog
    - RCT-Folly (= 2024.01.01.00)
    - RCTDeprecation
    - React-Core/Default
    - React-cxxreact
    - React-featureflags
    - React-jsc
    - React-jsi
    - React-jsiexecutor
    - React-jsinspector
    - React-perflogger
    - React-runtimescheduler
    - React-utils
    - SocketRocket (= 0.7.0)
    - Yoga
  - React-Core/RCTNetworkHeaders (0.74.0-rc.6):
    - glog
    - RCT-Folly (= 2024.01.01.00)
    - RCTDeprecation
    - React-Core/Default
    - React-cxxreact
    - React-featureflags
    - React-jsc
    - React-jsi
    - React-jsiexecutor
    - React-jsinspector
    - React-perflogger
    - React-runtimescheduler
    - React-utils
    - SocketRocket (= 0.7.0)
    - Yoga
  - React-Core/RCTSettingsHeaders (0.74.0-rc.6):
    - glog
    - RCT-Folly (= 2024.01.01.00)
    - RCTDeprecation
    - React-Core/Default
    - React-cxxreact
    - React-featureflags
    - React-jsc
    - React-jsi
    - React-jsiexecutor
    - React-jsinspector
    - React-perflogger
    - React-runtimescheduler
    - React-utils
    - SocketRocket (= 0.7.0)
    - Yoga
  - React-Core/RCTTextHeaders (0.74.0-rc.6):
    - glog
    - RCT-Folly (= 2024.01.01.00)
    - RCTDeprecation
    - React-Core/Default
    - React-cxxreact
    - React-featureflags
    - React-jsc
    - React-jsi
    - React-jsiexecutor
    - React-jsinspector
    - React-perflogger
    - React-runtimescheduler
    - React-utils
    - SocketRocket (= 0.7.0)
    - Yoga
  - React-Core/RCTVibrationHeaders (0.74.0-rc.6):
    - glog
    - RCT-Folly (= 2024.01.01.00)
    - RCTDeprecation
    - React-Core/Default
    - React-cxxreact
    - React-featureflags
    - React-jsc
    - React-jsi
    - React-jsiexecutor
    - React-jsinspector
    - React-perflogger
    - React-runtimescheduler
    - React-utils
    - SocketRocket (= 0.7.0)
    - Yoga
  - React-Core/RCTWebSocket (0.74.0-rc.6):
    - glog
    - RCT-Folly (= 2024.01.01.00)
    - RCTDeprecation
    - React-Core/Default (= 0.74.0-rc.6)
    - React-cxxreact
    - React-featureflags
    - React-jsc
    - React-jsi
    - React-jsiexecutor
    - React-jsinspector
    - React-perflogger
    - React-runtimescheduler
    - React-utils
    - SocketRocket (= 0.7.0)
    - Yoga
  - React-CoreModules (0.74.0-rc.6):
    - DoubleConversion
    - fmt (= 9.1.0)
    - RCT-Folly (= 2024.01.01.00)
    - RCTTypeSafety (= 0.74.0-rc.6)
    - React-Codegen
    - React-Core/CoreModulesHeaders (= 0.74.0-rc.6)
    - React-jsi (= 0.74.0-rc.6)
    - React-jsinspector
    - React-NativeModulesApple
    - React-RCTBlob
    - React-RCTImage (= 0.74.0-rc.6)
    - ReactCommon
    - SocketRocket (= 0.7.0)
  - React-cxxreact (0.74.0-rc.6):
    - boost (= 1.83.0)
    - DoubleConversion
    - fmt (= 9.1.0)
    - glog
    - RCT-Folly (= 2024.01.01.00)
    - React-callinvoker (= 0.74.0-rc.6)
    - React-debug (= 0.74.0-rc.6)
    - React-jsi (= 0.74.0-rc.6)
    - React-jsinspector
    - React-logger (= 0.74.0-rc.6)
    - React-perflogger (= 0.74.0-rc.6)
    - React-runtimeexecutor (= 0.74.0-rc.6)
  - React-debug (0.74.0-rc.6)
  - React-Fabric (0.74.0-rc.6):
    - DoubleConversion
    - fmt (= 9.1.0)
    - glog
    - RCT-Folly/Fabric (= 2024.01.01.00)
    - RCTRequired
    - RCTTypeSafety
    - React-Core
    - React-cxxreact
    - React-debug
    - React-Fabric/animations (= 0.74.0-rc.6)
    - React-Fabric/attributedstring (= 0.74.0-rc.6)
    - React-Fabric/componentregistry (= 0.74.0-rc.6)
    - React-Fabric/componentregistrynative (= 0.74.0-rc.6)
    - React-Fabric/components (= 0.74.0-rc.6)
    - React-Fabric/core (= 0.74.0-rc.6)
    - React-Fabric/imagemanager (= 0.74.0-rc.6)
    - React-Fabric/leakchecker (= 0.74.0-rc.6)
    - React-Fabric/mounting (= 0.74.0-rc.6)
    - React-Fabric/scheduler (= 0.74.0-rc.6)
    - React-Fabric/telemetry (= 0.74.0-rc.6)
    - React-Fabric/templateprocessor (= 0.74.0-rc.6)
    - React-Fabric/textlayoutmanager (= 0.74.0-rc.6)
    - React-Fabric/uimanager (= 0.74.0-rc.6)
    - React-graphics
    - React-jsc
    - React-jsi
    - React-jsiexecutor
    - React-logger
    - React-rendererdebug
    - React-runtimescheduler
    - React-utils
    - ReactCommon/turbomodule/core
  - React-Fabric/animations (0.74.0-rc.6):
    - DoubleConversion
    - fmt (= 9.1.0)
    - glog
    - RCT-Folly/Fabric (= 2024.01.01.00)
    - RCTRequired
    - RCTTypeSafety
    - React-Core
    - React-cxxreact
    - React-debug
    - React-graphics
    - React-jsc
    - React-jsi
    - React-jsiexecutor
    - React-logger
    - React-rendererdebug
    - React-runtimescheduler
    - React-utils
    - ReactCommon/turbomodule/core
  - React-Fabric/attributedstring (0.74.0-rc.6):
    - DoubleConversion
    - fmt (= 9.1.0)
    - glog
    - RCT-Folly/Fabric (= 2024.01.01.00)
    - RCTRequired
    - RCTTypeSafety
    - React-Core
    - React-cxxreact
    - React-debug
    - React-graphics
    - React-jsc
    - React-jsi
    - React-jsiexecutor
    - React-logger
    - React-rendererdebug
    - React-runtimescheduler
    - React-utils
    - ReactCommon/turbomodule/core
  - React-Fabric/componentregistry (0.74.0-rc.6):
    - DoubleConversion
    - fmt (= 9.1.0)
    - glog
    - RCT-Folly/Fabric (= 2024.01.01.00)
    - RCTRequired
    - RCTTypeSafety
    - React-Core
    - React-cxxreact
    - React-debug
    - React-graphics
    - React-jsc
    - React-jsi
    - React-jsiexecutor
    - React-logger
    - React-rendererdebug
    - React-runtimescheduler
    - React-utils
    - ReactCommon/turbomodule/core
  - React-Fabric/componentregistrynative (0.74.0-rc.6):
    - DoubleConversion
    - fmt (= 9.1.0)
    - glog
    - RCT-Folly/Fabric (= 2024.01.01.00)
    - RCTRequired
    - RCTTypeSafety
    - React-Core
    - React-cxxreact
    - React-debug
    - React-graphics
    - React-jsc
    - React-jsi
    - React-jsiexecutor
    - React-logger
    - React-rendererdebug
    - React-runtimescheduler
    - React-utils
    - ReactCommon/turbomodule/core
  - React-Fabric/components (0.74.0-rc.6):
    - DoubleConversion
    - fmt (= 9.1.0)
    - glog
    - RCT-Folly/Fabric (= 2024.01.01.00)
    - RCTRequired
    - RCTTypeSafety
    - React-Core
    - React-cxxreact
    - React-debug
    - React-Fabric/components/inputaccessory (= 0.74.0-rc.6)
    - React-Fabric/components/legacyviewmanagerinterop (= 0.74.0-rc.6)
    - React-Fabric/components/modal (= 0.74.0-rc.6)
    - React-Fabric/components/rncore (= 0.74.0-rc.6)
    - React-Fabric/components/root (= 0.74.0-rc.6)
    - React-Fabric/components/safeareaview (= 0.74.0-rc.6)
    - React-Fabric/components/scrollview (= 0.74.0-rc.6)
    - React-Fabric/components/text (= 0.74.0-rc.6)
    - React-Fabric/components/textinput (= 0.74.0-rc.6)
    - React-Fabric/components/unimplementedview (= 0.74.0-rc.6)
    - React-Fabric/components/view (= 0.74.0-rc.6)
    - React-graphics
    - React-jsc
    - React-jsi
    - React-jsiexecutor
    - React-logger
    - React-rendererdebug
    - React-runtimescheduler
    - React-utils
    - ReactCommon/turbomodule/core
  - React-Fabric/components/inputaccessory (0.74.0-rc.6):
    - DoubleConversion
    - fmt (= 9.1.0)
    - glog
    - RCT-Folly/Fabric (= 2024.01.01.00)
    - RCTRequired
    - RCTTypeSafety
    - React-Core
    - React-cxxreact
    - React-debug
    - React-graphics
    - React-jsc
    - React-jsi
    - React-jsiexecutor
    - React-logger
    - React-rendererdebug
    - React-runtimescheduler
    - React-utils
    - ReactCommon/turbomodule/core
  - React-Fabric/components/legacyviewmanagerinterop (0.74.0-rc.6):
    - DoubleConversion
    - fmt (= 9.1.0)
    - glog
    - RCT-Folly/Fabric (= 2024.01.01.00)
    - RCTRequired
    - RCTTypeSafety
    - React-Core
    - React-cxxreact
    - React-debug
    - React-graphics
    - React-jsc
    - React-jsi
    - React-jsiexecutor
    - React-logger
    - React-rendererdebug
    - React-runtimescheduler
    - React-utils
    - ReactCommon/turbomodule/core
  - React-Fabric/components/modal (0.74.0-rc.6):
    - DoubleConversion
    - fmt (= 9.1.0)
    - glog
    - RCT-Folly/Fabric (= 2024.01.01.00)
    - RCTRequired
    - RCTTypeSafety
    - React-Core
    - React-cxxreact
    - React-debug
    - React-graphics
    - React-jsc
    - React-jsi
    - React-jsiexecutor
    - React-logger
    - React-rendererdebug
    - React-runtimescheduler
    - React-utils
    - ReactCommon/turbomodule/core
  - React-Fabric/components/rncore (0.74.0-rc.6):
    - DoubleConversion
    - fmt (= 9.1.0)
    - glog
    - RCT-Folly/Fabric (= 2024.01.01.00)
    - RCTRequired
    - RCTTypeSafety
    - React-Core
    - React-cxxreact
    - React-debug
    - React-graphics
    - React-jsc
    - React-jsi
    - React-jsiexecutor
    - React-logger
    - React-rendererdebug
    - React-runtimescheduler
    - React-utils
    - ReactCommon/turbomodule/core
  - React-Fabric/components/root (0.74.0-rc.6):
    - DoubleConversion
    - fmt (= 9.1.0)
    - glog
    - RCT-Folly/Fabric (= 2024.01.01.00)
    - RCTRequired
    - RCTTypeSafety
    - React-Core
    - React-cxxreact
    - React-debug
    - React-graphics
    - React-jsc
    - React-jsi
    - React-jsiexecutor
    - React-logger
    - React-rendererdebug
    - React-runtimescheduler
    - React-utils
    - ReactCommon/turbomodule/core
  - React-Fabric/components/safeareaview (0.74.0-rc.6):
    - DoubleConversion
    - fmt (= 9.1.0)
    - glog
    - RCT-Folly/Fabric (= 2024.01.01.00)
    - RCTRequired
    - RCTTypeSafety
    - React-Core
    - React-cxxreact
    - React-debug
    - React-graphics
    - React-jsc
    - React-jsi
    - React-jsiexecutor
    - React-logger
    - React-rendererdebug
    - React-runtimescheduler
    - React-utils
    - ReactCommon/turbomodule/core
  - React-Fabric/components/scrollview (0.74.0-rc.6):
    - DoubleConversion
    - fmt (= 9.1.0)
    - glog
    - RCT-Folly/Fabric (= 2024.01.01.00)
    - RCTRequired
    - RCTTypeSafety
    - React-Core
    - React-cxxreact
    - React-debug
    - React-graphics
    - React-jsc
    - React-jsi
    - React-jsiexecutor
    - React-logger
    - React-rendererdebug
    - React-runtimescheduler
    - React-utils
    - ReactCommon/turbomodule/core
  - React-Fabric/components/text (0.74.0-rc.6):
    - DoubleConversion
    - fmt (= 9.1.0)
    - glog
    - RCT-Folly/Fabric (= 2024.01.01.00)
    - RCTRequired
    - RCTTypeSafety
    - React-Core
    - React-cxxreact
    - React-debug
    - React-graphics
    - React-jsc
    - React-jsi
    - React-jsiexecutor
    - React-logger
    - React-rendererdebug
    - React-runtimescheduler
    - React-utils
    - ReactCommon/turbomodule/core
  - React-Fabric/components/textinput (0.74.0-rc.6):
    - DoubleConversion
    - fmt (= 9.1.0)
    - glog
    - RCT-Folly/Fabric (= 2024.01.01.00)
    - RCTRequired
    - RCTTypeSafety
    - React-Core
    - React-cxxreact
    - React-debug
    - React-graphics
    - React-jsc
    - React-jsi
    - React-jsiexecutor
    - React-logger
    - React-rendererdebug
    - React-runtimescheduler
    - React-utils
    - ReactCommon/turbomodule/core
  - React-Fabric/components/unimplementedview (0.74.0-rc.6):
    - DoubleConversion
    - fmt (= 9.1.0)
    - glog
    - RCT-Folly/Fabric (= 2024.01.01.00)
    - RCTRequired
    - RCTTypeSafety
    - React-Core
    - React-cxxreact
    - React-debug
    - React-graphics
    - React-jsc
    - React-jsi
    - React-jsiexecutor
    - React-logger
    - React-rendererdebug
    - React-runtimescheduler
    - React-utils
    - ReactCommon/turbomodule/core
  - React-Fabric/components/view (0.74.0-rc.6):
    - DoubleConversion
    - fmt (= 9.1.0)
    - glog
    - RCT-Folly/Fabric (= 2024.01.01.00)
    - RCTRequired
    - RCTTypeSafety
    - React-Core
    - React-cxxreact
    - React-debug
    - React-graphics
    - React-jsc
    - React-jsi
    - React-jsiexecutor
    - React-logger
    - React-rendererdebug
    - React-runtimescheduler
    - React-utils
    - ReactCommon/turbomodule/core
    - Yoga
  - React-Fabric/core (0.74.0-rc.6):
    - DoubleConversion
    - fmt (= 9.1.0)
    - glog
    - RCT-Folly/Fabric (= 2024.01.01.00)
    - RCTRequired
    - RCTTypeSafety
    - React-Core
    - React-cxxreact
    - React-debug
    - React-graphics
    - React-jsc
    - React-jsi
    - React-jsiexecutor
    - React-logger
    - React-rendererdebug
    - React-runtimescheduler
    - React-utils
    - ReactCommon/turbomodule/core
  - React-Fabric/imagemanager (0.74.0-rc.6):
    - DoubleConversion
    - fmt (= 9.1.0)
    - glog
    - RCT-Folly/Fabric (= 2024.01.01.00)
    - RCTRequired
    - RCTTypeSafety
    - React-Core
    - React-cxxreact
    - React-debug
    - React-graphics
    - React-jsc
    - React-jsi
    - React-jsiexecutor
    - React-logger
    - React-rendererdebug
    - React-runtimescheduler
    - React-utils
    - ReactCommon/turbomodule/core
  - React-Fabric/leakchecker (0.74.0-rc.6):
    - DoubleConversion
    - fmt (= 9.1.0)
    - glog
    - RCT-Folly/Fabric (= 2024.01.01.00)
    - RCTRequired
    - RCTTypeSafety
    - React-Core
    - React-cxxreact
    - React-debug
    - React-graphics
    - React-jsc
    - React-jsi
    - React-jsiexecutor
    - React-logger
    - React-rendererdebug
    - React-runtimescheduler
    - React-utils
    - ReactCommon/turbomodule/core
  - React-Fabric/mounting (0.74.0-rc.6):
    - DoubleConversion
    - fmt (= 9.1.0)
    - glog
    - RCT-Folly/Fabric (= 2024.01.01.00)
    - RCTRequired
    - RCTTypeSafety
    - React-Core
    - React-cxxreact
    - React-debug
    - React-graphics
    - React-jsc
    - React-jsi
    - React-jsiexecutor
    - React-logger
    - React-rendererdebug
    - React-runtimescheduler
    - React-utils
    - ReactCommon/turbomodule/core
  - React-Fabric/scheduler (0.74.0-rc.6):
    - DoubleConversion
    - fmt (= 9.1.0)
    - glog
    - RCT-Folly/Fabric (= 2024.01.01.00)
    - RCTRequired
    - RCTTypeSafety
    - React-Core
    - React-cxxreact
    - React-debug
    - React-graphics
    - React-jsc
    - React-jsi
    - React-jsiexecutor
    - React-logger
    - React-rendererdebug
    - React-runtimescheduler
    - React-utils
    - ReactCommon/turbomodule/core
  - React-Fabric/telemetry (0.74.0-rc.6):
    - DoubleConversion
    - fmt (= 9.1.0)
    - glog
    - RCT-Folly/Fabric (= 2024.01.01.00)
    - RCTRequired
    - RCTTypeSafety
    - React-Core
    - React-cxxreact
    - React-debug
    - React-graphics
    - React-jsc
    - React-jsi
    - React-jsiexecutor
    - React-logger
    - React-rendererdebug
    - React-runtimescheduler
    - React-utils
    - ReactCommon/turbomodule/core
  - React-Fabric/templateprocessor (0.74.0-rc.6):
    - DoubleConversion
    - fmt (= 9.1.0)
    - glog
    - RCT-Folly/Fabric (= 2024.01.01.00)
    - RCTRequired
    - RCTTypeSafety
    - React-Core
    - React-cxxreact
    - React-debug
    - React-graphics
    - React-jsc
    - React-jsi
    - React-jsiexecutor
    - React-logger
    - React-rendererdebug
    - React-runtimescheduler
    - React-utils
    - ReactCommon/turbomodule/core
  - React-Fabric/textlayoutmanager (0.74.0-rc.6):
    - DoubleConversion
    - fmt (= 9.1.0)
    - glog
    - RCT-Folly/Fabric (= 2024.01.01.00)
    - RCTRequired
    - RCTTypeSafety
    - React-Core
    - React-cxxreact
    - React-debug
    - React-Fabric/uimanager
    - React-graphics
    - React-jsc
    - React-jsi
    - React-jsiexecutor
    - React-logger
    - React-rendererdebug
    - React-runtimescheduler
    - React-utils
    - ReactCommon/turbomodule/core
  - React-Fabric/uimanager (0.74.0-rc.6):
    - DoubleConversion
    - fmt (= 9.1.0)
    - glog
    - RCT-Folly/Fabric (= 2024.01.01.00)
    - RCTRequired
    - RCTTypeSafety
    - React-Core
    - React-cxxreact
    - React-debug
    - React-graphics
    - React-jsc
    - React-jsi
    - React-jsiexecutor
    - React-logger
    - React-rendererdebug
    - React-runtimescheduler
    - React-utils
    - ReactCommon/turbomodule/core
  - React-FabricImage (0.74.0-rc.6):
    - DoubleConversion
    - fmt (= 9.1.0)
    - glog
    - RCT-Folly/Fabric (= 2024.01.01.00)
    - RCTRequired (= 0.74.0-rc.6)
    - RCTTypeSafety (= 0.74.0-rc.6)
    - React-Fabric
    - React-graphics
    - React-ImageManager
    - React-jsc
    - React-jsi
    - React-jsiexecutor (= 0.74.0-rc.6)
    - React-logger
    - React-rendererdebug
    - React-utils
    - ReactCommon
    - Yoga
  - React-featureflags (0.74.0-rc.6)
  - React-graphics (0.74.0-rc.6):
    - DoubleConversion
    - fmt (= 9.1.0)
    - glog
    - RCT-Folly/Fabric (= 2024.01.01.00)
    - React-Core/Default (= 0.74.0-rc.6)
    - React-utils
  - React-ImageManager (0.74.0-rc.6):
    - glog
    - RCT-Folly/Fabric
    - React-Core/Default
    - React-debug
    - React-Fabric
    - React-graphics
    - React-rendererdebug
    - React-utils
  - React-jsc (0.74.0-rc.6):
    - React-jsc/Fabric (= 0.74.0-rc.6)
    - React-jsi (= 0.74.0-rc.6)
  - React-jsc/Fabric (0.74.0-rc.6):
    - React-jsi (= 0.74.0-rc.6)
  - React-jserrorhandler (0.74.0-rc.6):
    - RCT-Folly/Fabric (= 2024.01.01.00)
    - React-debug
    - React-jsi
    - React-Mapbuffer
  - React-jsi (0.74.0-rc.6):
    - boost (= 1.83.0)
    - DoubleConversion
    - fmt (= 9.1.0)
    - glog
    - RCT-Folly (= 2024.01.01.00)
  - React-jsiexecutor (0.74.0-rc.6):
    - DoubleConversion
    - fmt (= 9.1.0)
    - glog
    - RCT-Folly (= 2024.01.01.00)
    - React-cxxreact (= 0.74.0-rc.6)
    - React-jsi (= 0.74.0-rc.6)
    - React-jsinspector
    - React-perflogger (= 0.74.0-rc.6)
  - React-jsinspector (0.74.0-rc.6):
    - DoubleConversion
    - glog
    - RCT-Folly (= 2024.01.01.00)
    - React-featureflags
    - React-jsi
    - React-runtimeexecutor (= 0.74.0-rc.6)
  - React-jsitracing (0.74.0-rc.6):
    - React-jsi
  - React-logger (0.74.0-rc.6):
    - glog
  - React-Mapbuffer (0.74.0-rc.6):
    - glog
    - React-debug
  - react-native-segmented-control (2.4.2):
    - React-Core
  - React-nativeconfig (0.74.0-rc.6)
  - React-NativeModulesApple (0.74.0-rc.6):
    - glog
    - React-callinvoker
    - React-Core
    - React-cxxreact
    - React-jsc
    - React-jsi
    - React-jsinspector
    - React-runtimeexecutor
    - ReactCommon/turbomodule/bridging
    - ReactCommon/turbomodule/core
  - React-perflogger (0.74.0-rc.6)
  - React-RCTActionSheet (0.74.0-rc.6):
    - React-Core/RCTActionSheetHeaders (= 0.74.0-rc.6)
  - React-RCTAnimation (0.74.0-rc.6):
    - RCT-Folly (= 2024.01.01.00)
    - RCTTypeSafety
    - React-Codegen
    - React-Core/RCTAnimationHeaders
    - React-jsi
    - React-NativeModulesApple
    - ReactCommon
  - React-RCTAppDelegate (0.74.0-rc.6):
    - RCT-Folly (= 2024.01.01.00)
    - RCTRequired
    - RCTTypeSafety
    - React-Codegen
    - React-Core
    - React-CoreModules
    - React-debug
    - React-Fabric
    - React-graphics
    - React-jsc
    - React-nativeconfig
    - React-NativeModulesApple
    - React-RCTFabric
    - React-RCTImage
    - React-RCTNetwork
    - React-rendererdebug
    - React-RuntimeApple
    - React-RuntimeCore
    - React-runtimescheduler
    - React-utils
    - ReactCommon
  - React-RCTBlob (0.74.0-rc.6):
    - DoubleConversion
    - fmt (= 9.1.0)
    - RCT-Folly (= 2024.01.01.00)
    - React-Codegen
    - React-Core/RCTBlobHeaders
    - React-Core/RCTWebSocket
    - React-jsi
    - React-jsinspector
    - React-NativeModulesApple
    - React-RCTNetwork
    - ReactCommon
  - React-RCTFabric (0.74.0-rc.6):
    - glog
    - RCT-Folly/Fabric (= 2024.01.01.00)
    - React-Core
    - React-debug
    - React-Fabric
    - React-FabricImage
    - React-featureflags
    - React-graphics
    - React-ImageManager
    - React-jsc
    - React-jsi
    - React-jsinspector
    - React-nativeconfig
    - React-RCTImage
    - React-RCTText
    - React-rendererdebug
    - React-runtimescheduler
    - React-utils
    - Yoga
  - React-RCTImage (0.74.0-rc.6):
    - RCT-Folly (= 2024.01.01.00)
    - RCTTypeSafety
    - React-Codegen
    - React-Core/RCTImageHeaders
    - React-jsi
    - React-NativeModulesApple
    - React-RCTNetwork
    - ReactCommon
  - React-RCTLinking (0.74.0-rc.6):
    - React-Codegen
    - React-Core/RCTLinkingHeaders (= 0.74.0-rc.6)
    - React-jsi (= 0.74.0-rc.6)
    - React-NativeModulesApple
    - ReactCommon
    - ReactCommon/turbomodule/core (= 0.74.0-rc.6)
  - React-RCTNetwork (0.74.0-rc.6):
    - RCT-Folly (= 2024.01.01.00)
    - RCTTypeSafety
    - React-Codegen
    - React-Core/RCTNetworkHeaders
    - React-jsi
    - React-NativeModulesApple
    - ReactCommon
  - React-RCTSettings (0.74.0-rc.6):
    - RCT-Folly (= 2024.01.01.00)
    - RCTTypeSafety
    - React-Codegen
    - React-Core/RCTSettingsHeaders
    - React-jsi
    - React-NativeModulesApple
    - ReactCommon
  - React-RCTText (0.74.0-rc.6):
    - React-Core/RCTTextHeaders (= 0.74.0-rc.6)
    - Yoga
  - React-RCTVibration (0.74.0-rc.6):
    - RCT-Folly (= 2024.01.01.00)
    - React-Codegen
    - React-Core/RCTVibrationHeaders
    - React-jsi
    - React-NativeModulesApple
    - ReactCommon
  - React-rendererdebug (0.74.0-rc.6):
    - DoubleConversion
    - fmt (= 9.1.0)
    - RCT-Folly (= 2024.01.01.00)
    - React-debug
  - React-rncore (0.74.0-rc.6)
  - React-RuntimeApple (0.74.0-rc.6):
    - RCT-Folly/Fabric (= 2024.01.01.00)
    - React-callinvoker
    - React-Core/Default
    - React-CoreModules
    - React-cxxreact
    - React-jsc
    - React-jserrorhandler
    - React-jsi
    - React-jsiexecutor
    - React-jsinspector
    - React-Mapbuffer
    - React-NativeModulesApple
    - React-RCTFabric
    - React-RuntimeCore
    - React-runtimeexecutor
    - React-utils
  - React-RuntimeCore (0.74.0-rc.6):
    - glog
    - RCT-Folly/Fabric (= 2024.01.01.00)
    - React-cxxreact
    - React-featureflags
    - React-jsc
    - React-jserrorhandler
    - React-jsi
    - React-jsiexecutor
    - React-jsinspector
    - React-runtimeexecutor
    - React-runtimescheduler
    - React-utils
  - React-runtimeexecutor (0.74.0-rc.6):
    - React-jsi (= 0.74.0-rc.6)
  - React-runtimescheduler (0.74.0-rc.6):
    - glog
    - RCT-Folly (= 2024.01.01.00)
    - React-callinvoker
    - React-cxxreact
    - React-debug
    - React-featureflags
    - React-jsc
    - React-jsi
    - React-rendererdebug
    - React-runtimeexecutor
    - React-utils
  - React-utils (0.74.0-rc.6):
    - glog
    - RCT-Folly (= 2024.01.01.00)
    - React-debug
    - React-jsc
    - React-jsi (= 0.74.0-rc.6)
  - ReactCommon (0.74.0-rc.6):
    - ReactCommon/turbomodule (= 0.74.0-rc.6)
  - ReactCommon/turbomodule (0.74.0-rc.6):
    - DoubleConversion
    - fmt (= 9.1.0)
    - glog
    - RCT-Folly (= 2024.01.01.00)
    - React-callinvoker (= 0.74.0-rc.6)
    - React-cxxreact (= 0.74.0-rc.6)
    - React-jsi (= 0.74.0-rc.6)
    - React-logger (= 0.74.0-rc.6)
    - React-perflogger (= 0.74.0-rc.6)
    - ReactCommon/turbomodule/bridging (= 0.74.0-rc.6)
    - ReactCommon/turbomodule/core (= 0.74.0-rc.6)
  - ReactCommon/turbomodule/bridging (0.74.0-rc.6):
    - DoubleConversion
    - fmt (= 9.1.0)
    - glog
    - RCT-Folly (= 2024.01.01.00)
    - React-callinvoker (= 0.74.0-rc.6)
    - React-cxxreact (= 0.74.0-rc.6)
    - React-jsi (= 0.74.0-rc.6)
    - React-logger (= 0.74.0-rc.6)
    - React-perflogger (= 0.74.0-rc.6)
  - ReactCommon/turbomodule/core (0.74.0-rc.6):
    - DoubleConversion
    - fmt (= 9.1.0)
    - glog
    - RCT-Folly (= 2024.01.01.00)
    - React-callinvoker (= 0.74.0-rc.6)
    - React-cxxreact (= 0.74.0-rc.6)
    - React-debug (= 0.74.0-rc.6)
    - React-jsi (= 0.74.0-rc.6)
    - React-logger (= 0.74.0-rc.6)
    - React-perflogger (= 0.74.0-rc.6)
    - React-utils (= 0.74.0-rc.6)
  - ReactNativeHost (0.4.6):
    - DoubleConversion
    - glog
    - RCT-Folly (= 2024.01.01.00)
    - RCTRequired
    - RCTTypeSafety
    - React-Codegen
    - React-Core
    - React-cxxreact
    - React-debug
    - React-Fabric
    - React-featureflags
    - React-graphics
    - React-ImageManager
    - React-jsi
    - React-NativeModulesApple
    - React-RCTAppDelegate
    - React-RCTFabric
    - React-rendererdebug
    - React-utils
    - ReactCommon/turbomodule/bridging
    - ReactCommon/turbomodule/core
    - Yoga
  - ReactTestApp-DevSupport (3.5.3):
    - React-Core
    - React-jsi
  - ReactTestApp-Resources (1.0.0-dev)
  - RNDateTimePicker (7.6.3):
    - DoubleConversion
    - glog
    - RCT-Folly (= 2024.01.01.00)
    - RCTRequired
    - RCTTypeSafety
    - React-Codegen
    - React-Core
    - React-debug
    - React-Fabric
    - React-featureflags
    - React-graphics
    - React-ImageManager
    - React-jsi
    - React-NativeModulesApple
    - React-RCTFabric
    - React-rendererdebug
    - React-utils
    - ReactCommon/turbomodule/bridging
    - ReactCommon/turbomodule/core
    - Yoga
  - RNLocalize (3.0.3):
    - DoubleConversion
    - glog
    - RCT-Folly (= 2024.01.01.00)
    - RCTRequired
    - RCTTypeSafety
    - React-Codegen
    - React-Core
    - React-debug
    - React-Fabric
    - React-featureflags
    - React-graphics
    - React-ImageManager
    - React-jsi
    - React-NativeModulesApple
    - React-RCTFabric
    - React-rendererdebug
    - React-utils
    - ReactCommon/turbomodule/bridging
    - ReactCommon/turbomodule/core
    - Yoga
  - SocketRocket (0.7.0)
  - Yoga (0.0.0)

DEPENDENCIES:
  - boost (from `../../node_modules/react-native/third-party-podspecs/boost.podspec`)
  - DoubleConversion (from `../../node_modules/react-native/third-party-podspecs/DoubleConversion.podspec`)
  - FBLazyVector (from `../../node_modules/react-native/Libraries/FBLazyVector`)
  - fmt (from `../../node_modules/react-native/third-party-podspecs/fmt.podspec`)
  - glog (from `../../node_modules/react-native/third-party-podspecs/glog.podspec`)
  - RCT-Folly (from `../../node_modules/react-native/third-party-podspecs/RCT-Folly.podspec`)
  - RCT-Folly/Fabric (from `../../node_modules/react-native/third-party-podspecs/RCT-Folly.podspec`)
  - RCTDeprecation (from `../../node_modules/react-native/ReactApple/Libraries/RCTFoundation/RCTDeprecation`)
  - RCTRequired (from `../../node_modules/react-native/Libraries/Required`)
  - RCTTypeSafety (from `../../node_modules/react-native/Libraries/TypeSafety`)
  - React (from `../../node_modules/react-native/`)
  - React-callinvoker (from `../../node_modules/react-native/ReactCommon/callinvoker`)
  - React-Codegen (from `build/generated/ios`)
  - React-Core (from `../../node_modules/react-native/`)
  - React-Core/RCTWebSocket (from `../../node_modules/react-native/`)
  - React-CoreModules (from `../../node_modules/react-native/React/CoreModules`)
  - React-cxxreact (from `../../node_modules/react-native/ReactCommon/cxxreact`)
  - React-debug (from `../../node_modules/react-native/ReactCommon/react/debug`)
  - React-Fabric (from `../../node_modules/react-native/ReactCommon`)
  - React-FabricImage (from `../../node_modules/react-native/ReactCommon`)
  - React-featureflags (from `../../node_modules/react-native/ReactCommon/react/featureflags`)
  - React-graphics (from `../../node_modules/react-native/ReactCommon/react/renderer/graphics`)
  - React-ImageManager (from `../../node_modules/react-native/ReactCommon/react/renderer/imagemanager/platform/ios`)
  - React-jsc (from `../../node_modules/react-native/ReactCommon/jsc`)
  - React-jsc/Fabric (from `../../node_modules/react-native/ReactCommon/jsc`)
  - React-jserrorhandler (from `../../node_modules/react-native/ReactCommon/jserrorhandler`)
  - React-jsi (from `../../node_modules/react-native/ReactCommon/jsi`)
  - React-jsiexecutor (from `../../node_modules/react-native/ReactCommon/jsiexecutor`)
  - React-jsinspector (from `../../node_modules/react-native/ReactCommon/jsinspector-modern`)
  - React-jsitracing (from `../../node_modules/react-native/ReactCommon/hermes/executor/`)
  - React-logger (from `../../node_modules/react-native/ReactCommon/logger`)
  - React-Mapbuffer (from `../../node_modules/react-native/ReactCommon`)
  - "react-native-segmented-control (from `../../node_modules/@react-native-segmented-control/segmented-control`)"
  - React-nativeconfig (from `../../node_modules/react-native/ReactCommon`)
  - React-NativeModulesApple (from `../../node_modules/react-native/ReactCommon/react/nativemodule/core/platform/ios`)
  - React-perflogger (from `../../node_modules/react-native/ReactCommon/reactperflogger`)
  - React-RCTActionSheet (from `../../node_modules/react-native/Libraries/ActionSheetIOS`)
  - React-RCTAnimation (from `../../node_modules/react-native/Libraries/NativeAnimation`)
  - React-RCTAppDelegate (from `../../node_modules/react-native/Libraries/AppDelegate`)
  - React-RCTBlob (from `../../node_modules/react-native/Libraries/Blob`)
  - React-RCTFabric (from `../../node_modules/react-native/React`)
  - React-RCTImage (from `../../node_modules/react-native/Libraries/Image`)
  - React-RCTLinking (from `../../node_modules/react-native/Libraries/LinkingIOS`)
  - React-RCTNetwork (from `../../node_modules/react-native/Libraries/Network`)
  - React-RCTSettings (from `../../node_modules/react-native/Libraries/Settings`)
  - React-RCTText (from `../../node_modules/react-native/Libraries/Text`)
  - React-RCTVibration (from `../../node_modules/react-native/Libraries/Vibration`)
  - React-rendererdebug (from `../../node_modules/react-native/ReactCommon/react/renderer/debug`)
  - React-rncore (from `../../node_modules/react-native/ReactCommon`)
  - React-RuntimeApple (from `../../node_modules/react-native/ReactCommon/react/runtime/platform/ios`)
  - React-RuntimeCore (from `../../node_modules/react-native/ReactCommon/react/runtime`)
  - React-runtimeexecutor (from `../../node_modules/react-native/ReactCommon/runtimeexecutor`)
  - React-runtimescheduler (from `../../node_modules/react-native/ReactCommon/react/renderer/runtimescheduler`)
  - React-utils (from `../../node_modules/react-native/ReactCommon/react/utils`)
  - ReactCommon/turbomodule/core (from `../../node_modules/react-native/ReactCommon`)
  - "ReactNativeHost (from `../../node_modules/@rnx-kit/react-native-host`)"
  - ReactTestApp-DevSupport (from `../../node_modules/react-native-test-app`)
  - ReactTestApp-Resources (from `..`)
  - RNDateTimePicker (from `../..`)
  - RNLocalize (from `../../node_modules/react-native-localize`)
  - Yoga (from `../../node_modules/react-native/ReactCommon/yoga`)

SPEC REPOS:
  trunk:
    - SocketRocket

EXTERNAL SOURCES:
  boost:
    :podspec: "../../node_modules/react-native/third-party-podspecs/boost.podspec"
  DoubleConversion:
    :podspec: "../../node_modules/react-native/third-party-podspecs/DoubleConversion.podspec"
  FBLazyVector:
    :path: "../../node_modules/react-native/Libraries/FBLazyVector"
  fmt:
    :podspec: "../../node_modules/react-native/third-party-podspecs/fmt.podspec"
  glog:
    :podspec: "../../node_modules/react-native/third-party-podspecs/glog.podspec"
  RCT-Folly:
    :podspec: "../../node_modules/react-native/third-party-podspecs/RCT-Folly.podspec"
  RCTDeprecation:
    :path: "../../node_modules/react-native/ReactApple/Libraries/RCTFoundation/RCTDeprecation"
  RCTRequired:
    :path: "../../node_modules/react-native/Libraries/Required"
  RCTTypeSafety:
    :path: "../../node_modules/react-native/Libraries/TypeSafety"
  React:
    :path: "../../node_modules/react-native/"
  React-callinvoker:
    :path: "../../node_modules/react-native/ReactCommon/callinvoker"
  React-Codegen:
    :path: build/generated/ios
  React-Core:
    :path: "../../node_modules/react-native/"
  React-CoreModules:
    :path: "../../node_modules/react-native/React/CoreModules"
  React-cxxreact:
    :path: "../../node_modules/react-native/ReactCommon/cxxreact"
  React-debug:
    :path: "../../node_modules/react-native/ReactCommon/react/debug"
  React-Fabric:
    :path: "../../node_modules/react-native/ReactCommon"
  React-FabricImage:
    :path: "../../node_modules/react-native/ReactCommon"
  React-featureflags:
    :path: "../../node_modules/react-native/ReactCommon/react/featureflags"
  React-graphics:
    :path: "../../node_modules/react-native/ReactCommon/react/renderer/graphics"
  React-ImageManager:
    :path: "../../node_modules/react-native/ReactCommon/react/renderer/imagemanager/platform/ios"
  React-jsc:
    :path: "../../node_modules/react-native/ReactCommon/jsc"
  React-jserrorhandler:
    :path: "../../node_modules/react-native/ReactCommon/jserrorhandler"
  React-jsi:
    :path: "../../node_modules/react-native/ReactCommon/jsi"
  React-jsiexecutor:
    :path: "../../node_modules/react-native/ReactCommon/jsiexecutor"
  React-jsinspector:
    :path: "../../node_modules/react-native/ReactCommon/jsinspector-modern"
  React-jsitracing:
    :path: "../../node_modules/react-native/ReactCommon/hermes/executor/"
  React-logger:
    :path: "../../node_modules/react-native/ReactCommon/logger"
  React-Mapbuffer:
    :path: "../../node_modules/react-native/ReactCommon"
  react-native-segmented-control:
    :path: "../../node_modules/@react-native-segmented-control/segmented-control"
  React-nativeconfig:
    :path: "../../node_modules/react-native/ReactCommon"
  React-NativeModulesApple:
    :path: "../../node_modules/react-native/ReactCommon/react/nativemodule/core/platform/ios"
  React-perflogger:
    :path: "../../node_modules/react-native/ReactCommon/reactperflogger"
  React-RCTActionSheet:
    :path: "../../node_modules/react-native/Libraries/ActionSheetIOS"
  React-RCTAnimation:
    :path: "../../node_modules/react-native/Libraries/NativeAnimation"
  React-RCTAppDelegate:
    :path: "../../node_modules/react-native/Libraries/AppDelegate"
  React-RCTBlob:
    :path: "../../node_modules/react-native/Libraries/Blob"
  React-RCTFabric:
    :path: "../../node_modules/react-native/React"
  React-RCTImage:
    :path: "../../node_modules/react-native/Libraries/Image"
  React-RCTLinking:
    :path: "../../node_modules/react-native/Libraries/LinkingIOS"
  React-RCTNetwork:
    :path: "../../node_modules/react-native/Libraries/Network"
  React-RCTSettings:
    :path: "../../node_modules/react-native/Libraries/Settings"
  React-RCTText:
    :path: "../../node_modules/react-native/Libraries/Text"
  React-RCTVibration:
    :path: "../../node_modules/react-native/Libraries/Vibration"
  React-rendererdebug:
    :path: "../../node_modules/react-native/ReactCommon/react/renderer/debug"
  React-rncore:
    :path: "../../node_modules/react-native/ReactCommon"
  React-RuntimeApple:
    :path: "../../node_modules/react-native/ReactCommon/react/runtime/platform/ios"
  React-RuntimeCore:
    :path: "../../node_modules/react-native/ReactCommon/react/runtime"
  React-runtimeexecutor:
    :path: "../../node_modules/react-native/ReactCommon/runtimeexecutor"
  React-runtimescheduler:
    :path: "../../node_modules/react-native/ReactCommon/react/renderer/runtimescheduler"
  React-utils:
    :path: "../../node_modules/react-native/ReactCommon/react/utils"
  ReactCommon:
    :path: "../../node_modules/react-native/ReactCommon"
  ReactNativeHost:
    :path: "../../node_modules/@rnx-kit/react-native-host"
  ReactTestApp-DevSupport:
    :path: "../../node_modules/react-native-test-app"
  ReactTestApp-Resources:
    :path: ".."
  RNDateTimePicker:
    :path: "../.."
  RNLocalize:
    :path: "../../node_modules/react-native-localize"
  Yoga:
    :path: "../../node_modules/react-native/ReactCommon/yoga"

SPEC CHECKSUMS:
  boost: d3f49c53809116a5d38da093a8aa78bf551aed09
  DoubleConversion: 76ab83afb40bddeeee456813d9c04f67f78771b5
  FBLazyVector: 0c069e616db0212f1579d6be2b51438fa262819d
  fmt: 4c2741a687cc09f0634a2e2c72a838b99f1ff120
  glog: c5d68082e772fa1c511173d6b30a9de2c05a69a2
  RCT-Folly: 045d6ecaa59d826c5736dfba0b2f4083ff8d79df
  RCTDeprecation: 82b53c4f460b7a5b27c6be8310a71bc84df583f5
  RCTRequired: d1a99a9f78fcc4acca99ab397822f4e58601b134
  RCTTypeSafety: b5ce0dd6fb08d84f2dbe24f93a80f07f9e21cad4
  React: 2ba05d73c03f915279113dd288c89c1c9a285c37
  React-callinvoker: 9558633e9e5fa2c008bb37c4134e4134e3ba32be
  React-Codegen: 5ca6fdec484eea8cc3e510cbd92234f04d9d2dca
  React-Core: 10f6fc49a3b10de8c076bf7a5ef70412b3ceb07c
  React-CoreModules: fd574fedee388118c7627989ece8afd6e7a32fd3
  React-cxxreact: 6c0e5284b7b051ba49137911bf213c4c933f893d
  React-debug: 4bd7a3243580a1b45d0101f20616272155fdbaa1
  React-Fabric: adba2ab842a90b7dc1ba134e057c8306e16e4562
  React-FabricImage: bd2731cf6f48877317db014f95d615400a43e447
  React-featureflags: 457fef03680e0d10f358c888913248f56833f2e0
  React-graphics: d4a46dce930542590c3ca3ff180cdaeb594db5a3
  React-ImageManager: c6c668f47d62ff2be059262606f580b8bf3c8bb4
  React-jsc: 4f7ccc0f2d4d056770484100e4f44fc45e2adcb1
  React-jserrorhandler: 2f17532ff74149c689d21ee99d941461083b010e
  React-jsi: 29e115f7e323c7129ff54b8a289a92f0aa8c8dd7
  React-jsiexecutor: 4db9f32213a3002eefe31fff4a80e9765ccc45bd
  React-jsinspector: 32a2adaa717366a3d0896090c00b91ab907c7263
  React-jsitracing: cbdf29742ac2bb53393777a2bde00ab6620fe668
  React-logger: 2fa117661e8ee0c133fddcf5772ff28b82241a56
  React-Mapbuffer: 6a29ddb15979e501733cd3c91679bbfd8af77005
  react-native-segmented-control: 2221962f5073e2e809aa3691e8e410fc10b60578
  React-nativeconfig: ba6e3be47338c4ac7c24723871a3a561f16b3452
  React-NativeModulesApple: f9d474426ddd194292f2833de5ff3ac8e53ffbda
  React-perflogger: 155b3b98aba17451abbb662e8f10400e01c8d6a3
  React-RCTActionSheet: 6e60171bd5d16fa23c49f4a3fb4f3fe511ce754d
  React-RCTAnimation: e05ec3f92e72eb69cf3a2eef42a0e572c132b256
  React-RCTAppDelegate: 858210c6c765c431d2488efe282e12923845bac4
  React-RCTBlob: 5563303fbecc07112bbf9fb5048cd2b47e149d70
  React-RCTFabric: 368350c307e34f417ee4137b86a323367576d2ed
  React-RCTImage: eb1fbdb04b3dec9f4b0dee581d470748f1c22419
  React-RCTLinking: d58264477967b6a8681ee45c05eda569823156ac
  React-RCTNetwork: 02e9c1559eddbf35389bd74abf1fec2169215865
  React-RCTSettings: b73a73cc09d17c2aa923e7b6545c73d117eb9e69
  React-RCTText: ca52165d87e66814a19344f03f9940fb6e5d44fe
  React-RCTVibration: 7a786662fc315d2efc8979a925e3f32cfb4b15a9
  React-rendererdebug: 789b51e43c2b6fa56a546897a24dbbc49be04cf1
  React-rncore: 86cade9b4158befacacbd5b9c5c48c00049f43a6
  React-RuntimeApple: 09cad856b72b3b3e52b67f638f681fd1c9ce2798
  React-RuntimeCore: 400fe4a0c3e0f2ad560589744d6f4b79523e292c
  React-runtimeexecutor: 88742f58a1140336f4f4ad8790c0ccddf4faf11e
  React-runtimescheduler: 6d3fde10cf78b3dac5245351bfe4f46dd54f9784
  React-utils: 0b47abee2746f3e8fb15e8d1d5dfb52609cd7703
  ReactCommon: 1db2a4d52d880bdb0a78c74e4c28dd8d31e1666a
  ReactNativeHost: 446e1d448e2abf0d47e9c8a5e8a42d9fca857cd7
  ReactTestApp-DevSupport: 1fe22a4a29414ec3227d20b3eb96217ba1ff13d0
  ReactTestApp-Resources: 857244f3a23f2b3157b364fa06cf3e8866deff9c
  RNDateTimePicker: 80844ea8e6dee565ae465f49da41b91bd0d296a6
  RNLocalize: 0fa56037fb2ba9e4edd610c82126803d5595b73e
  SocketRocket: abac6f5de4d4d62d24e11868d7a2f427e0ef940d
  Yoga: 752c49a827984ffb251f347dffa1fc70762b22d7

PODFILE CHECKSUM: 8e5c8e95541e8e0dedb5efcfa2dee6eb7e86cc20

COCOAPODS: 1.14.2
